PODS:
  - BTDevice (9.6.614)
  - DocumentReaderFullAuthRFID (9.6.18849)
  - Flutter (1.0.0)
  - flutter_document_reader_btdevice (9.6.67):
    - BTDevice (= 9.6.614)
    - Flutter
  - flutter_document_reader_core_fullauthrfid (9.6.2572):
    - DocumentReaderFullAuthRFID (= 9.6.18849)
    - Flutter

DEPENDENCIES:
  - Flutter (from `Flutter`)
  - flutter_document_reader_btdevice (from `.symlinks/plugins/flutter_document_reader_btdevice/ios`)
  - flutter_document_reader_core_fullauthrfid (from `.symlinks/plugins/flutter_document_reader_core_fullauthrfid/ios`)

SPEC REPOS:
  https://github.com/regulaforensics/podspecs.git:
    - BTDevice
    - DocumentReaderFullAuthRFID

EXTERNAL SOURCES:
  Flutter:
    :path: Flutter
  flutter_document_reader_btdevice:
    :path: ".symlinks/plugins/flutter_document_reader_btdevice/ios"
  flutter_document_reader_core_fullauthrfid:
    :path: ".symlinks/plugins/flutter_document_reader_core_fullauthrfid/ios"

SPEC CHECKSUMS:
  BTDevice: 1413a58872d20bbe15b09967985d63cfc3b80184
  DocumentReaderFullAuthRFID: 4c1214275baa4b918ca3506c84a24b73b4b0de3d
  Flutter: cabc95a1d2626b1b06e7179b784ebcf0c0cde467
  flutter_document_reader_btdevice: 4cb01d0fa51029527abb0ba61fb3527477b2bd0a
  flutter_document_reader_core_fullauthrfid: ff32dee77d226aeef8c0797c238c4ce5af9d3c95

PODFILE CHECKSUM: a5c12eaf4ffb322dd23a6004c6f40426d75ef8b1

COCOAPODS: 1.17.0
