{
  "pins" : [
    {
      "identity" : "documentreader-swift-package",
      "kind" : "remoteSourceControl",
      "location" : "https://github.com/regulaforensics/DocumentReader-Swift-Package",
      "state" : {
        "revision" : "d3896a2ffd95d67f4bd2426435ed872813a36d2c",
        "version" : "9.6.6619"
      }
    },
    {
      "identity" : "regulacommon-swift-package",
      "kind" : "remoteSourceControl",
      "location" : "https://github.com/regulaforensics/RegulaCommon-Swift-Package.git",
      "state" : {
        "revision" : "e6de35b6147ffea572c26a10c0a2b236868419ed",
        "version" : "9.6.2497"
      }
    }
  ],
  "version" : 2
}
